Microsoft Visual Studio Solution File, Format Version 9.00
# Visual Studio 2005
Project("{8BC9CEB8-8B4A-11D0-8D11-00A0C91BC942}") = "TinyGraphics", "TinyGraphics\TinyGraphics.vcproj", "{9182AEB9-0E7C-4032-BA5F-80F327B6FEBF}"
EndProject
Global
	GlobalSection(SolutionConfigurationPlatforms) = preSolution
		Debug|Win32 = Debug|Win32
		Release|Win32 = Release|Win32
	EndGlobalSection
	GlobalSection(ProjectConfigurationPlatforms) = postSolution
		{9182AEB9-0E7C-4032-BA5F-80F327B6FEBF}.Debug|Win32.ActiveCfg = Debug|Win32
		{9182AEB9-0E7C-4032-BA5F-80F327B6FEBF}.Debug|Win32.Build.0 = Debug|Win32
		{9182AEB9-0E7C-4032-BA5F-80F327B6FEBF}.Release|Win32.ActiveCfg = Release|Win32
		{9182AEB9-0E7C-4032-BA5F-80F327B6FEBF}.Release|Win32.Build.0 = Release|Win32
	EndGlobalSection
	GlobalSection(SolutionProperties) = preSolution
		HideSolutionNode = FALSE
	EndGlobalSection
EndGlobal
